<?xml version="1.0" encoding="utf-8"?>
<Project ToolsVersion="4.0" xmlns="http://schemas.microsoft.com/developer/msbuild/2003">
  <ItemGroup>
    <Filter Include="Source Files">
      <UniqueIdentifier>{4FC737F1-C7A5-4376-A066-2A32D752A2FF}</UniqueIdentifier>
      <Extensions>cpp;c;cc;cxx;c++;cppm;ixx;def;odl;idl;hpj;bat;asm;asmx</Extensions>
    </Filter>
    <Filter Include="Header Files">
      <UniqueIdentifier>{93995380-89BD-4b04-88EB-625FBE52EBFB}</UniqueIdentifier>
      <Extensions>h;hh;hpp;hxx;h++;hm;inl;inc;ipp;xsd</Extensions>
    </Filter>
    <Filter Include="Resource Files">
      <UniqueIdentifier>{67DA6AB6-F800-4c08-8B7A-83BB121AAD01}</UniqueIdentifier>
      <Extensions>rc;ico;cur;bmp;dlg;rc2;rct;bin;rgs;gif;jpg;jpeg;jpe;resx;tiff;tif;png;wav;mfcribbon-ms</Extensions>
    </Filter>
  </ItemGroup>
  <ItemGroup>
    <ClCompile Include="src\fonts_h\29_NOKIA_5110_FontSet.cpp">
      <Filter>Source Files</Filter>
    </ClCompile>
    <ClCompile Include="src\fonts_h\Commodore_Pixelized_v1_2.cpp">
      <Filter>Source Files</Filter>
    </ClCompile>
    <ClCompile Include="src\fonts_h\serif_v01.cpp">
      <Filter>Source Files</Filter>
    </ClCompile>
    <ClCompile Include="src\graphics_h\backgrounds\bg_1.cpp">
      <Filter>Source Files</Filter>
    </ClCompile>
    <ClCompile Include="src\graphics_h\backgrounds\bg_2.cpp">
      <Filter>Source Files</Filter>
    </ClCompile>
    <ClCompile Include="src\graphics_h\backgrounds\bg_3.cpp">
      <Filter>Source Files</Filter>
    </ClCompile>
    <ClCompile Include="src\graphics_h\backgrounds\bg_4.cpp">
      <Filter>Source Files</Filter>
    </ClCompile>
    <ClCompile Include="src\graphics_h\backgrounds\bg_treasure_hut.cpp">
      <Filter>Source Files</Filter>
    </ClCompile>
    <ClCompile Include="src\graphics_h\overlays\basement_bottom.cpp">
      <Filter>Source Files</Filter>
    </ClCompile>
    <ClCompile Include="src\graphics_h\overlays\basement_left.cpp">
      <Filter>Source Files</Filter>
    </ClCompile>
    <ClCompile Include="src\graphics_h\overlays\basement_right.cpp">
      <Filter>Source Files</Filter>
    </ClCompile>
    <ClCompile Include="src\graphics_h\overlays\basement_top.cpp">
      <Filter>Source Files</Filter>
    </ClCompile>
    <ClCompile Include="src\graphics_h\archer.cpp">
      <Filter>Source Files</Filter>
    </ClCompile>
    <ClCompile Include="src\graphics_h\arrow.cpp">
      <Filter>Source Files</Filter>
    </ClCompile>
    <ClCompile Include="src\graphics_h\arrow_funnyjoke.cpp">
      <Filter>Source Files</Filter>
    </ClCompile>
    <ClCompile Include="src\graphics_h\bm_empty.cpp">
      <Filter>Source Files</Filter>
    </ClCompile>
    <ClCompile Include="src\graphics_h\bm_full.cpp">
      <Filter>Source Files</Filter>
    </ClCompile>
    <ClCompile Include="src\graphics_h\burninate_message_fire.cpp">
      <Filter>Source Files</Filter>
    </ClCompile>
    <ClCompile Include="src\graphics_h\burninate_text.cpp">
      <Filter>Source Files</Filter>
    </ClCompile>
    <ClCompile Include="src\graphics_h\cottage.cpp">
      <Filter>Source Files</Filter>
    </ClCompile>
    <ClCompile Include="src\graphics_h\cottage_fire.cpp">
      <Filter>Source Files</Filter>
    </ClCompile>
    <ClCompile Include="src\graphics_h\death_message.cpp">
      <Filter>Source Files</Filter>
    </ClCompile>
    <ClCompile Include="src\graphics_h\end_of_level_flash.cpp">
      <Filter>Source Files</Filter>
    </ClCompile>
    <ClCompile Include="src\graphics_h\end_of_level_trogdor.cpp">
      <Filter>Source Files</Filter>
    </ClCompile>
    <ClCompile Include="src\graphics_h\game_over_text.cpp">
      <Filter>Source Files</Filter>
    </ClCompile>
    <ClCompile Include="src\graphics_h\game_over_trogdor.cpp">
      <Filter>Source Files</Filter>
    </ClCompile>
    <ClCompile Include="src\graphics_h\heart.cpp">
      <Filter>Source Files</Filter>
    </ClCompile>
    <ClCompile Include="src\graphics_h\jonathan_howe.cpp">
      <Filter>Source Files</Filter>
    </ClCompile>
    <ClCompile Include="src\graphics_h\kerrek.cpp">
      <Filter>Source Files</Filter>
    </ClCompile>
    <ClCompile Include="src\graphics_h\kerrek_smoked.cpp">
      <Filter>Source Files</Filter>
    </ClCompile>
    <ClCompile Include="src\graphics_h\knight.cpp">
      <Filter>Source Files</Filter>
    </ClCompile>
    <ClCompile Include="src\graphics_h\knight_funnyjoke.cpp">
      <Filter>Source Files</Filter>
    </ClCompile>
    <ClCompile Include="src\graphics_h\level_beaten_smoke.cpp">
      <Filter>Source Files</Filter>
    </ClCompile>
    <ClCompile Include="src\graphics_h\level_beaten_trogdor_scaled.cpp">
      <Filter>Source Files</Filter>
    </ClCompile>
    <ClCompile Include="src\graphics_h\loot.cpp">
      <Filter>Source Files</Filter>
    </ClCompile>
    <ClCompile Include="src\graphics_h\menu_cursor.cpp">
      <Filter>Source Files</Filter>
    </ClCompile>
    <ClCompile Include="src\graphics_h\options_menu.cpp">
      <Filter>Source Files</Filter>
    </ClCompile>
    <ClCompile Include="src\graphics_h\peasant.cpp">
      <Filter>Source Files</Filter>
    </ClCompile>
    <ClCompile Include="src\graphics_h\peasantometer.cpp">
      <Filter>Source Files</Filter>
    </ClCompile>
    <ClCompile Include="src\graphics_h\strong_bad.cpp">
      <Filter>Source Files</Filter>
    </ClCompile>
    <ClCompile Include="src\graphics_h\strong_bad_ending.cpp">
      <Filter>Source Files</Filter>
    </ClCompile>
    <ClCompile Include="src\graphics_h\title_screen.cpp">
      <Filter>Source Files</Filter>
    </ClCompile>
    <ClCompile Include="src\graphics_h\trogdor.cpp">
      <Filter>Source Files</Filter>
    </ClCompile>
    <ClCompile Include="src\graphics_h\trogdor_bighead.cpp">
      <Filter>Source Files</Filter>
    </ClCompile>
    <ClCompile Include="src\graphics_h\trogdor_dead.cpp">
      <Filter>Source Files</Filter>
    </ClCompile>
    <ClCompile Include="src\graphics_h\trogdor_ending.cpp">
      <Filter>Source Files</Filter>
    </ClCompile>
    <ClCompile Include="src\graphics_h\trogdor_fire.cpp">
      <Filter>Source Files</Filter>
    </ClCompile>
    <ClCompile Include="src\graphics_h\trogdor_flexing.cpp">
      <Filter>Source Files</Filter>
    </ClCompile>
    <ClCompile Include="src\graphics_h\trogdor_logo.cpp">
      <Filter>Source Files</Filter>
    </ClCompile>
    <ClCompile Include="src\graphics_h\videlectrix_logo_big.cpp">
      <Filter>Source Files</Filter>
    </ClCompile>
    <ClCompile Include="src\classes.cpp">
      <Filter>Source Files</Filter>
    </ClCompile>
    <ClCompile Include="src\config.cpp">
      <Filter>Source Files</Filter>
    </ClCompile>
    <ClCompile Include="src\cutscenes.cpp">
      <Filter>Source Files</Filter>
    </ClCompile>
    <ClCompile Include="src\general.cpp">
      <Filter>Source Files</Filter>
    </ClCompile>
    <ClCompile Include="src\input.cpp">
      <Filter>Source Files</Filter>
    </ClCompile>
    <ClCompile Include="src\main.cpp">
      <Filter>Source Files</Filter>
    </ClCompile>
    <ClCompile Include="src\media_objects_init.cpp">
      <Filter>Source Files</Filter>
    </ClCompile>
    <ClCompile Include="src\menu.cpp">
      <Filter>Source Files</Filter>
    </ClCompile>
    <ClCompile Include="src\on_open_and_close.cpp">
      <Filter>Source Files</Filter>
    </ClCompile>
    <ClCompile Include="src\sound_logic.cpp">
      <Filter>Source Files</Filter>
    </ClCompile>
    <ClCompile Include="src\sprite_objects.cpp">
      <Filter>Source Files</Filter>
    </ClCompile>
    <ClCompile Include="src\text_objects.cpp">
      <Filter>Source Files</Filter>
    </ClCompile>
    <ClCompile Include="src\window.cpp">
      <Filter>Source Files</Filter>
    </ClCompile>
    <ClCompile Include="src\SDL_rotozoom.c">
      <Filter>Source Files</Filter>
    </ClCompile>
    <ClCompile Include="src\graphics_h\overlays\compy_bottom.cpp">
      <Filter>Source Files</Filter>
    </ClCompile>
    <ClCompile Include="src\graphics_h\overlays\compy_left.cpp">
      <Filter>Source Files</Filter>
    </ClCompile>
    <ClCompile Include="src\graphics_h\overlays\compy_right.cpp">
      <Filter>Source Files</Filter>
    </ClCompile>
    <ClCompile Include="src\graphics_h\overlays\compy_top.cpp">
      <Filter>Source Files</Filter>
    </ClCompile>
    <ClCompile Include="src\graphics_h\overlays\strong_badia_bottom.cpp">
      <Filter>Source Files</Filter>
    </ClCompile>
    <ClCompile Include="src\graphics_h\overlays\strong_badia_left.cpp">
      <Filter>Source Files</Filter>
    </ClCompile>
    <ClCompile Include="src\graphics_h\overlays\strong_badia_right.cpp">
      <Filter>Source Files</Filter>
    </ClCompile>
    <ClCompile Include="src\graphics_h\overlays\strong_badia_top.cpp">
      <Filter>Source Files</Filter>
    </ClCompile>
  </ItemGroup>
  <ItemGroup>
    <ClInclude Include="src\fonts_h\29_NOKIA_5110_FontSet.h">
      <Filter>Header Files</Filter>
    </ClInclude>
    <ClInclude Include="src\fonts_h\Commodore_Pixelized_v1_2.h">
      <Filter>Header Files</Filter>
    </ClInclude>
    <ClInclude Include="src\fonts_h\serif_v01.h">
      <Filter>Header Files</Filter>
    </ClInclude>
    <ClInclude Include="src\graphics_h\backgrounds\bg_1.h">
      <Filter>Header Files</Filter>
    </ClInclude>
    <ClInclude Include="src\graphics_h\backgrounds\bg_2.h">
      <Filter>Header Files</Filter>
    </ClInclude>
    <ClInclude Include="src\graphics_h\backgrounds\bg_3.h">
      <Filter>Header Files</Filter>
    </ClInclude>
    <ClInclude Include="src\graphics_h\backgrounds\bg_4.h">
      <Filter>Header Files</Filter>
    </ClInclude>
    <ClInclude Include="src\graphics_h\backgrounds\bg_treasure_hut.h">
      <Filter>Header Files</Filter>
    </ClInclude>
    <ClInclude Include="src\graphics_h\overlays\basement_bottom.h">
      <Filter>Header Files</Filter>
    </ClInclude>
    <ClInclude Include="src\graphics_h\overlays\basement_left.h">
      <Filter>Header Files</Filter>
    </ClInclude>
    <ClInclude Include="src\graphics_h\overlays\basement_right.h">
      <Filter>Header Files</Filter>
    </ClInclude>
    <ClInclude Include="src\graphics_h\overlays\basement_top.h">
      <Filter>Header Files</Filter>
    </ClInclude>
    <ClInclude Include="src\graphics_h\archer.h">
      <Filter>Header Files</Filter>
    </ClInclude>
    <ClInclude Include="src\graphics_h\arrow.h">
      <Filter>Header Files</Filter>
    </ClInclude>
    <ClInclude Include="src\graphics_h\arrow_funnyjoke.h">
      <Filter>Header Files</Filter>
    </ClInclude>
    <ClInclude Include="src\graphics_h\bm_empty.h">
      <Filter>Header Files</Filter>
    </ClInclude>
    <ClInclude Include="src\graphics_h\bm_full.h">
      <Filter>Header Files</Filter>
    </ClInclude>
    <ClInclude Include="src\graphics_h\burninate_message_fire.h">
      <Filter>Header Files</Filter>
    </ClInclude>
    <ClInclude Include="src\graphics_h\burninate_text.h">
      <Filter>Header Files</Filter>
    </ClInclude>
    <ClInclude Include="src\graphics_h\cottage.h">
      <Filter>Header Files</Filter>
    </ClInclude>
    <ClInclude Include="src\graphics_h\cottage_fire.h">
      <Filter>Header Files</Filter>
    </ClInclude>
    <ClInclude Include="src\graphics_h\death_message.h">
      <Filter>Header Files</Filter>
    </ClInclude>
    <ClInclude Include="src\graphics_h\end_of_level_flash.h">
      <Filter>Header Files</Filter>
    </ClInclude>
    <ClInclude Include="src\graphics_h\end_of_level_trogdor.h">
      <Filter>Header Files</Filter>
    </ClInclude>
    <ClInclude Include="src\graphics_h\game_over_text.h">
      <Filter>Header Files</Filter>
    </ClInclude>
    <ClInclude Include="src\graphics_h\game_over_trogdor.h">
      <Filter>Header Files</Filter>
    </ClInclude>
    <ClInclude Include="src\graphics_h\heart.h">
      <Filter>Header Files</Filter>
    </ClInclude>
    <ClInclude Include="src\graphics_h\jonathan_howe.h">
      <Filter>Header Files</Filter>
    </ClInclude>
    <ClInclude Include="src\graphics_h\kerrek.h">
      <Filter>Header Files</Filter>
    </ClInclude>
    <ClInclude Include="src\graphics_h\kerrek_smoked.h">
      <Filter>Header Files</Filter>
    </ClInclude>
    <ClInclude Include="src\graphics_h\knight.h">
      <Filter>Header Files</Filter>
    </ClInclude>
    <ClInclude Include="src\graphics_h\knight_funnyjoke.h">
      <Filter>Header Files</Filter>
    </ClInclude>
    <ClInclude Include="src\graphics_h\level_beaten_smoke.h">
      <Filter>Header Files</Filter>
    </ClInclude>
    <ClInclude Include="src\graphics_h\level_beaten_trogdor_scaled.h">
      <Filter>Header Files</Filter>
    </ClInclude>
    <ClInclude Include="src\graphics_h\loot.h">
      <Filter>Header Files</Filter>
    </ClInclude>
    <ClInclude Include="src\graphics_h\menu_cursor.h">
      <Filter>Header Files</Filter>
    </ClInclude>
    <ClInclude Include="src\graphics_h\options_menu.h">
      <Filter>Header Files</Filter>
    </ClInclude>
    <ClInclude Include="src\graphics_h\peasant.h">
      <Filter>Header Files</Filter>
    </ClInclude>
    <ClInclude Include="src\graphics_h\peasantometer.h">
      <Filter>Header Files</Filter>
    </ClInclude>
    <ClInclude Include="src\graphics_h\strong_bad.h">
      <Filter>Header Files</Filter>
    </ClInclude>
    <ClInclude Include="src\graphics_h\strong_bad_ending.h">
      <Filter>Header Files</Filter>
    </ClInclude>
    <ClInclude Include="src\graphics_h\title_screen.h">
      <Filter>Header Files</Filter>
    </ClInclude>
    <ClInclude Include="src\graphics_h\trogdor.h">
      <Filter>Header Files</Filter>
    </ClInclude>
    <ClInclude Include="src\graphics_h\trogdor_bighead.h">
      <Filter>Header Files</Filter>
    </ClInclude>
    <ClInclude Include="src\graphics_h\trogdor_dead.h">
      <Filter>Header Files</Filter>
    </ClInclude>
    <ClInclude Include="src\graphics_h\trogdor_ending.h">
      <Filter>Header Files</Filter>
    </ClInclude>
    <ClInclude Include="src\graphics_h\trogdor_fire.h">
      <Filter>Header Files</Filter>
    </ClInclude>
    <ClInclude Include="src\graphics_h\trogdor_flexing.h">
      <Filter>Header Files</Filter>
    </ClInclude>
    <ClInclude Include="src\graphics_h\trogdor_logo.h">
      <Filter>Header Files</Filter>
    </ClInclude>
    <ClInclude Include="src\graphics_h\videlectrix_logo_big.h">
      <Filter>Header Files</Filter>
    </ClInclude>
    <ClInclude Include="src\classes.h">
      <Filter>Header Files</Filter>
    </ClInclude>
    <ClInclude Include="src\config.h">
      <Filter>Header Files</Filter>
    </ClInclude>
    <ClInclude Include="src\cutscenes.h">
      <Filter>Header Files</Filter>
    </ClInclude>
    <ClInclude Include="src\general.h">
      <Filter>Header Files</Filter>
    </ClInclude>
    <ClInclude Include="src\include.h">
      <Filter>Header Files</Filter>
    </ClInclude>
    <ClInclude Include="src\include_fonts.h">
      <Filter>Header Files</Filter>
    </ClInclude>
    <ClInclude Include="src\include_graphics.h">
      <Filter>Header Files</Filter>
    </ClInclude>
    <ClInclude Include="src\input.h">
      <Filter>Header Files</Filter>
    </ClInclude>
    <ClInclude Include="src\level_data.h">
      <Filter>Header Files</Filter>
    </ClInclude>
    <ClInclude Include="src\main.h">
      <Filter>Header Files</Filter>
    </ClInclude>
    <ClInclude Include="src\media_objects_init.h">
      <Filter>Header Files</Filter>
    </ClInclude>
    <ClInclude Include="src\menu.h">
      <Filter>Header Files</Filter>
    </ClInclude>
    <ClInclude Include="src\on_open_and_close.h">
      <Filter>Header Files</Filter>
    </ClInclude>
    <ClInclude Include="src\sound_logic.h">
      <Filter>Header Files</Filter>
    </ClInclude>
    <ClInclude Include="src\sprite_objects.h">
      <Filter>Header Files</Filter>
    </ClInclude>
    <ClInclude Include="src\text_objects.h">
      <Filter>Header Files</Filter>
    </ClInclude>
    <ClInclude Include="src\window.h">
      <Filter>Header Files</Filter>
    </ClInclude>
    <ClInclude Include="src\SDL_rotozoom.h">
      <Filter>Header Files</Filter>
    </ClInclude>
    <ClInclude Include="resource.h">
      <Filter>Header Files</Filter>
    </ClInclude>
    <ClInclude Include="src\graphics_h\overlays\compy_bottom.h">
      <Filter>Header Files</Filter>
    </ClInclude>
    <ClInclude Include="src\graphics_h\overlays\compy_left.h">
      <Filter>Header Files</Filter>
    </ClInclude>
    <ClInclude Include="src\graphics_h\overlays\compy_right.h">
      <Filter>Header Files</Filter>
    </ClInclude>
    <ClInclude Include="src\graphics_h\overlays\compy_top.h">
      <Filter>Header Files</Filter>
    </ClInclude>
    <ClInclude Include="src\graphics_h\overlays\strong_badia_bottom.h">
      <Filter>Header Files</Filter>
    </ClInclude>
    <ClInclude Include="src\graphics_h\overlays\strong_badia_left.h">
      <Filter>Header Files</Filter>
    </ClInclude>
    <ClInclude Include="src\graphics_h\overlays\strong_badia_right.h">
      <Filter>Header Files</Filter>
    </ClInclude>
    <ClInclude Include="src\graphics_h\overlays\strong_badia_top.h">
      <Filter>Header Files</Filter>
    </ClInclude>
  </ItemGroup>
  <ItemGroup>
    <ResourceCompile Include="Trogdor-Reburninated.rc">
      <Filter>Resource Files</Filter>
    </ResourceCompile>
  </ItemGroup>
  <ItemGroup>
    <Image Include="release-resources\logo_icon_pc_256.png">
      <Filter>Resource Files</Filter>
    </Image>
    <Image Include="release-resources\logo_icon_pc_256.ico">
      <Filter>Resource Files</Filter>
    </Image>
  </ItemGroup>
</Project>